
Microsoft Visual Studio Solution File, Format Version 12.00
Project("{8BC9CEB8-8B4A-11D0-8D11-00A0C91BC942}") = "295", "295\295.vcxproj", "{634339F8-39C1-44B2-B1BF-DCFDC2D18B61}"
EndProject
Global
	GlobalSection(SolutionConfigurationPlatforms) = preSolution
		Debug|Win32 = Debug|Win32
		Debug|x64 = Debug|x64
		Release|Win32 = Release|Win32
		Release|x64 = Release|x64
	EndGlobalSection
	GlobalSection(ProjectConfigurationPlatforms) = postSolution
		{634339F8-39C1-44B2-B1BF-DCFDC2D18B61}.Debug|Win32.ActiveCfg = Debug|Win32
		{634339F8-39C1-44B2-B1BF-DCFDC2D18B61}.Debug|Win32.Build.0 = Debug|Win32
		{634339F8-39C1-44B2-B1BF-DCFDC2D18B61}.Debug|x64.ActiveCfg = Debug|x64
		{634339F8-39C1-44B2-B1BF-DCFDC2D18B61}.Debug|x64.Build.0 = Debug|x64
		{634339F8-39C1-44B2-B1BF-DCFDC2D18B61}.Release|Win32.ActiveCfg = Release|Win32
		{634339F8-39C1-44B2-B1BF-DCFDC2D18B61}.Release|Win32.Build.0 = Release|Win32
		{634339F8-39C1-44B2-B1BF-DCFDC2D18B61}.Release|x64.ActiveCfg = Release|x64
		{634339F8-39C1-44B2-B1BF-DCFDC2D18B61}.Release|x64.Build.0 = Release|x64
	EndGlobalSection
EndGlobal
