
Microsoft Visual Studio Solution File, Format Version 12.00
Project("{8BC9CEB8-8B4A-11D0-8D11-00A0C91BC942}") = "146", "146\146.vcxproj", "{A772AC87-1AD3-48B3-BFEA-BCA368A42EFF}"
EndProject
Global
	GlobalSection(SolutionConfigurationPlatforms) = preSolution
		Debug|Win32 = Debug|Win32
		Debug|x64 = Debug|x64
		Release|Win32 = Release|Win32
		Release|x64 = Release|x64
	EndGlobalSection
	GlobalSection(ProjectConfigurationPlatforms) = postSolution
		{A772AC87-1AD3-48B3-BFEA-BCA368A42EFF}.Debug|Win32.ActiveCfg = Debug|Win32
		{A772AC87-1AD3-48B3-BFEA-BCA368A42EFF}.Debug|Win32.Build.0 = Debug|Win32
		{A772AC87-1AD3-48B3-BFEA-BCA368A42EFF}.Debug|x64.ActiveCfg = Debug|x64
		{A772AC87-1AD3-48B3-BFEA-BCA368A42EFF}.Debug|x64.Build.0 = Debug|x64
		{A772AC87-1AD3-48B3-BFEA-BCA368A42EFF}.Release|Win32.ActiveCfg = Release|Win32
		{A772AC87-1AD3-48B3-BFEA-BCA368A42EFF}.Release|Win32.Build.0 = Release|Win32
		{A772AC87-1AD3-48B3-BFEA-BCA368A42EFF}.Release|x64.ActiveCfg = Release|x64
		{A772AC87-1AD3-48B3-BFEA-BCA368A42EFF}.Release|x64.Build.0 = Release|x64
	EndGlobalSection
EndGlobal
