
Microsoft Visual Studio Solution File, Format Version 12.00
Project("{8BC9CEB8-8B4A-11D0-8D11-00A0C91BC942}") = "64", "64\64.vcxproj", "{D8F6F217-B22A-4AD7-A9C2-DA6AF0ED436A}"
EndProject
Global
	GlobalSection(SolutionConfigurationPlatforms) = preSolution
		Debug|Win32 = Debug|Win32
		Debug|x64 = Debug|x64
		Release|Win32 = Release|Win32
		Release|x64 = Release|x64
	EndGlobalSection
	GlobalSection(ProjectConfigurationPlatforms) = postSolution
		{D8F6F217-B22A-4AD7-A9C2-DA6AF0ED436A}.Debug|Win32.ActiveCfg = Debug|Win32
		{D8F6F217-B22A-4AD7-A9C2-DA6AF0ED436A}.Debug|Win32.Build.0 = Debug|Win32
		{D8F6F217-B22A-4AD7-A9C2-DA6AF0ED436A}.Debug|x64.ActiveCfg = Debug|x64
		{D8F6F217-B22A-4AD7-A9C2-DA6AF0ED436A}.Debug|x64.Build.0 = Debug|x64
		{D8F6F217-B22A-4AD7-A9C2-DA6AF0ED436A}.Release|Win32.ActiveCfg = Release|Win32
		{D8F6F217-B22A-4AD7-A9C2-DA6AF0ED436A}.Release|Win32.Build.0 = Release|Win32
		{D8F6F217-B22A-4AD7-A9C2-DA6AF0ED436A}.Release|x64.ActiveCfg = Release|x64
		{D8F6F217-B22A-4AD7-A9C2-DA6AF0ED436A}.Release|x64.Build.0 = Release|x64
	EndGlobalSection
EndGlobal
