
Microsoft Visual Studio Solution File, Format Version 12.00
Project("{8BC9CEB8-8B4A-11D0-8D11-00A0C91BC942}") = "632", "632\632.vcxproj", "{E9DD820C-7A52-4E2B-9176-CD92B61B9057}"
EndProject
Global
	GlobalSection(SolutionConfigurationPlatforms) = preSolution
		Debug|Win32 = Debug|Win32
		Debug|x64 = Debug|x64
		Release|Win32 = Release|Win32
		Release|x64 = Release|x64
	EndGlobalSection
	GlobalSection(ProjectConfigurationPlatforms) = postSolution
		{E9DD820C-7A52-4E2B-9176-CD92B61B9057}.Debug|Win32.ActiveCfg = Debug|Win32
		{E9DD820C-7A52-4E2B-9176-CD92B61B9057}.Debug|Win32.Build.0 = Debug|Win32
		{E9DD820C-7A52-4E2B-9176-CD92B61B9057}.Debug|x64.ActiveCfg = Debug|x64
		{E9DD820C-7A52-4E2B-9176-CD92B61B9057}.Debug|x64.Build.0 = Debug|x64
		{E9DD820C-7A52-4E2B-9176-CD92B61B9057}.Release|Win32.ActiveCfg = Release|Win32
		{E9DD820C-7A52-4E2B-9176-CD92B61B9057}.Release|Win32.Build.0 = Release|Win32
		{E9DD820C-7A52-4E2B-9176-CD92B61B9057}.Release|x64.ActiveCfg = Release|x64
		{E9DD820C-7A52-4E2B-9176-CD92B61B9057}.Release|x64.Build.0 = Release|x64
	EndGlobalSection
EndGlobal
